{
  "version": 4,
  "terraform_version": "1.1.2",
  "serial": 24,
  "lineage": "f7a35898-ce6c-866f-19f9-e8ff1393fa32",
  "outputs": {},
  "resources": [
    {
      "mode": "managed",
      "type": "google_cloudiot_registry",
      "name": "solar_device_registry",
      "provider": "provider[\"registry.terraform.io/hashicorp/google\"]",
      "instances": [
        {
          "schema_version": 0,
          "attributes": {
            "credentials": [],
            "event_notification_config": {},
            "event_notification_configs": [
              {
                "pubsub_topic_name": "projects/rare-palace-329321/topics/caravan_solar_telemetry",
                "subfolder_matches": ""
              }
            ],
            "http_config": {
              "http_enabled_state": "HTTP_ENABLED"
            },
            "id": "projects/rare-palace-329321/locations/asia-east1/registries/solar_device_registry",
            "log_level": "",
            "mqtt_config": {
              "mqtt_enabled_state": "MQTT_ENABLED"
            },
            "name": "solar_device_registry",
            "project": "rare-palace-329321",
            "region": "asia-east1",
            "state_notification_config": {}
          },
          "sensitive_attributes": [],
          "private": "bnVsbA==",
          "dependencies": [
            "google_pubsub_topic.caravan_solar_telemetry"
          ]
        }
      ]
    },
    {
      "mode": "managed",
      "type": "google_compute_subnetwork",
      "name": "caravan-australia",
      "provider": "provider[\"registry.terraform.io/hashicorp/google\"]",
      "instances": []
    },
    {
      "mode": "managed",
      "type": "google_pubsub_topic",
      "name": "caravan_solar_telemetry",
      "provider": "provider[\"registry.terraform.io/hashicorp/google\"]",
      "instances": [
        {
          "schema_version": 0,
          "attributes": {
            "id": "projects/rare-palace-329321/topics/caravan_solar_telemetry",
            "kms_key_name": "",
            "labels": {},
            "message_storage_policy": [],
            "name": "caravan_solar_telemetry",
            "project": "rare-palace-329321",
            "timeouts": null
          },
          "sensitive_attributes": [],
          "private": "eyJlMmJmYjczMC1lY2FhLTExZTYtOGY4OC0zNDM2M2JjN2M0YzAiOnsiY3JlYXRlIjoyNDAwMDAwMDAwMDAsImRlbGV0ZSI6MjQwMDAwMDAwMDAwLCJ1cGRhdGUiOjI0MDAwMDAwMDAwMH19"
        }
      ]
    }
  ]
}
